// !$*UTF8*$!
{
	archiveVersion = 1;
	classes = {
	};
	objectVersion = 46;
	objects = {

/* Begin PBXBuildFile section */
		9AE137F11D6F437000EBEDFE /* main.m in Sources */ = {isa = PBXBuildFile; fileRef = 9AE137F01D6F437000EBEDFE /* main.m */; };
		9AE137F41D6F437100EBEDFE /* AppDelegate.m in Sources */ = {isa = PBXBuildFile; fileRef = 9AE137F31D6F437100EBEDFE /* AppDelegate.m */; };
		9AE137FC1D6F437100EBEDFE /* Assets.xcassets in Resources */ = {isa = PBXBuildFile; fileRef = 9AE137FB1D6F437100EBEDFE /* Assets.xcassets */; };
		9AE137FF1D6F437100EBEDFE /* LaunchScreen.storyboard in Resources */ = {isa = PBXBuildFile; fileRef = 9AE137FD1D6F437100EBEDFE /* LaunchScreen.storyboard */; };
		9AE1380A1D6F437100EBEDFE /* GuideBookChallengeTests.m in Sources */ = {isa = PBXBuildFile; fileRef = 9AE138091D6F437100EBEDFE /* GuideBookChallengeTests.m */; };
		9AE138151D6F437100EBEDFE /* GuideBookChallengeUITests.m in Sources */ = {isa = PBXBuildFile; fileRef = 9AE138141D6F437100EBEDFE /* GuideBookChallengeUITests.m */; };
		9AE1382D1D6F55D500EBEDFE /* GuideBookViewController.m in Sources */ = {isa = PBXBuildFile; fileRef = 9AE1382B1D6F55D500EBEDFE /* GuideBookViewController.m */; };
		9AE1382E1D6F55D500EBEDFE /* GuideBookViewController.xib in Resources */ = {isa = PBXBuildFile; fileRef = 9AE1382C1D6F55D500EBEDFE /* GuideBookViewController.xib */; };
		9AE138311D6F84EB00EBEDFE /* Guide.m in Sources */ = {isa = PBXBuildFile; fileRef = 9AE138301D6F84EB00EBEDFE /* Guide.m */; };
/* End PBXBuildFile section */

/* Begin PBXContainerItemProxy section */
		9AE138061D6F437100EBEDFE /* PBXContainerItemProxy */ = {
			isa = PBXContainerItemProxy;
			containerPortal = 9AE137E41D6F437000EBEDFE /* Project object */;
			proxyType = 1;
			remoteGlobalIDString = 9AE137EB1D6F437000EBEDFE;
			remoteInfo = GuideBookChallenge;
		};
		9AE138111D6F437100EBEDFE /* PBXContainerItemProxy */ = {
			isa = PBXContainerItemProxy;
			containerPortal = 9AE137E41D6F437000EBEDFE /* Project object */;
			proxyType = 1;
			remoteGlobalIDString = 9AE137EB1D6F437000EBEDFE;
			remoteInfo = GuideBookChallenge;
		};
/* End PBXContainerItemProxy section */

/* Begin PBXFileReference section */
		9AE137EC1D6F437000EBEDFE /* GuideBookChallenge.app */ = {isa = PBXFileReference; explicitFileType = wrapper.application; includeInIndex = 0; path = GuideBookChallenge.app; sourceTree = BUILT_PRODUCTS_DIR; };
		9AE137F01D6F437000EBEDFE /* main.m */ = {isa = PBXFileReference; lastKnownFileType = sourcecode.c.objc; path = main.m; sourceTree = "<group>"; };
		9AE137F21D6F437100EBEDFE /* AppDelegate.h */ = {isa = PBXFileReference; lastKnownFileType = sourcecode.c.h; path = AppDelegate.h; sourceTree = "<group>"; };
		9AE137F31D6F437100EBEDFE /* AppDelegate.m */ = {isa = PBXFileReference; lastKnownFileType = sourcecode.c.objc; path = AppDelegate.m; sourceTree = "<group>"; };
		9AE137FB1D6F437100EBEDFE /* Assets.xcassets */ = {isa = PBXFileReference; lastKnownFileType = folder.assetcatalog; path = Assets.xcassets; sourceTree = "<group>"; };
		9AE137FE1D6F437100EBEDFE /* Base */ = {isa = PBXFileReference; lastKnownFileType = file.storyboard; name = Base; path = Base.lproj/LaunchScreen.storyboard; sourceTree = "<group>"; };
		9AE138001D6F437100EBEDFE /* Info.plist */ = {isa = PBXFileReference; lastKnownFileType = text.plist.xml; path = Info.plist; sourceTree = "<group>"; };
		9AE138051D6F437100EBEDFE /* GuideBookChallengeTests.xctest */ = {isa = PBXFileReference; explicitFileType = wrapper.cfbundle; includeInIndex = 0; path = GuideBookChallengeTests.xctest; sourceTree = BUILT_PRODUCTS_DIR; };
		9AE138091D6F437100EBEDFE /* GuideBookChallengeTests.m */ = {isa = PBXFileReference; lastKnownFileType = sourcecode.c.objc; path = GuideBookChallengeTests.m; sourceTree = "<group>"; };
		9AE1380B1D6F437100EBEDFE /* Info.plist */ = {isa = PBXFileReference; lastKnownFileType = text.plist.xml; path = Info.plist; sourceTree = "<group>"; };
		9AE138101D6F437100EBEDFE /* GuideBookChallengeUITests.xctest */ = {isa = PBXFileReference; explicitFileType = wrapper.cfbundle; includeInIndex = 0; path = GuideBookChallengeUITests.xctest; sourceTree = BUILT_PRODUCTS_DIR; };
		9AE138141D6F437100EBEDFE /* GuideBookChallengeUITests.m */ = {isa = PBXFileReference; lastKnownFileType = sourcecode.c.objc; path = GuideBookChallengeUITests.m; sourceTree = "<group>"; };
		9AE138161D6F437100EBEDFE /* Info.plist */ = {isa = PBXFileReference; lastKnownFileType = text.plist.xml; path = Info.plist; sourceTree = "<group>"; };
		9AE1382A1D6F55D500EBEDFE /* GuideBookViewController.h */ = {isa = PBXFileReference; fileEncoding = 4; lastKnownFileType = sourcecode.c.h; path = GuideBookViewController.h; sourceTree = "<group>"; };
		9AE1382B1D6F55D500EBEDFE /* GuideBookViewController.m */ = {isa = PBXFileReference; fileEncoding = 4; lastKnownFileType = sourcecode.c.objc; path = GuideBookViewController.m; sourceTree = "<group>"; };
		9AE1382C1D6F55D500EBEDFE /* GuideBookViewController.xib */ = {isa = PBXFileReference; fileEncoding = 4; lastKnownFileType = file.xib; path = GuideBookViewController.xib; sourceTree = "<group>"; };
		9AE1382F1D6F84EB00EBEDFE /* Guide.h */ = {isa = PBXFileReference; fileEncoding = 4; lastKnownFileType = sourcecode.c.h; path = Guide.h; sourceTree = "<group>"; };
		9AE138301D6F84EB00EBEDFE /* Guide.m */ = {isa = PBXFileReference; fileEncoding = 4; lastKnownFileType = sourcecode.c.objc; path = Guide.m; sourceTree = "<group>"; };
/* End PBXFileReference section */

/* Begin PBXFrameworksBuildPhase section */
		9AE137E91D6F437000EBEDFE /* Frameworks */ = {
			isa = PBXFrameworksBuildPhase;
			buildActionMask = 2147483647;
			files = (
			);
			runOnlyForDeploymentPostprocessing = 0;
		};
		9AE138021D6F437100EBEDFE /* Frameworks */ = {
			isa = PBXFrameworksBuildPhase;
			buildActionMask = 2147483647;
			files = (
			);
			runOnlyForDeploymentPostprocessing = 0;
		};
		9AE1380D1D6F437100EBEDFE /* Frameworks */ = {
			isa = PBXFrameworksBuildPhase;
			buildActionMask = 2147483647;
			files = (
			);
			runOnlyForDeploymentPostprocessing = 0;
		};
/* End PBXFrameworksBuildPhase section */

/* Begin PBXGroup section */
		9AE137E31D6F437000EBEDFE = {
			isa = PBXGroup;
			children = (
				9AE137EE1D6F437000EBEDFE /* GuideBookChallenge */,
				9AE138081D6F437100EBEDFE /* GuideBookChallengeTests */,
				9AE138131D6F437100EBEDFE /* GuideBookChallengeUITests */,
				9AE137ED1D6F437000EBEDFE /* Products */,
			);
			sourceTree = "<group>";
		};
		9AE137ED1D6F437000EBEDFE /* Products */ = {
			isa = PBXGroup;
			children = (
				9AE137EC1D6F437000EBEDFE /* GuideBookChallenge.app */,
				9AE138051D6F437100EBEDFE /* GuideBookChallengeTests.xctest */,
				9AE138101D6F437100EBEDFE /* GuideBookChallengeUITests.xctest */,
			);
			name = Products;
			sourceTree = "<group>";
		};
		9AE137EE1D6F437000EBEDFE /* GuideBookChallenge */ = {
			isa = PBXGroup;
			children = (
				9AE137F21D6F437100EBEDFE /* AppDelegate.h */,
				9AE137F31D6F437100EBEDFE /* AppDelegate.m */,
				9AE138331D6F84FB00EBEDFE /* ViewControllers */,
				9AE138321D6F84F200EBEDFE /* Models */,
				9AE137FB1D6F437100EBEDFE /* Assets.xcassets */,
				9AE137FD1D6F437100EBEDFE /* LaunchScreen.storyboard */,
				9AE138001D6F437100EBEDFE /* Info.plist */,
				9AE137EF1D6F437000EBEDFE /* Supporting Files */,
			);
			path = GuideBookChallenge;
			sourceTree = "<group>";
		};
		9AE137EF1D6F437000EBEDFE /* Supporting Files */ = {
			isa = PBXGroup;
			children = (
				9AE137F01D6F437000EBEDFE /* main.m */,
			);
			name = "Supporting Files";
			sourceTree = "<group>";
		};
		9AE138081D6F437100EBEDFE /* GuideBookChallengeTests */ = {
			isa = PBXGroup;
			children = (
				9AE138091D6F437100EBEDFE /* GuideBookChallengeTests.m */,
				9AE1380B1D6F437100EBEDFE /* Info.plist */,
			);
			path = GuideBookChallengeTests;
			sourceTree = "<group>";
		};
		9AE138131D6F437100EBEDFE /* GuideBookChallengeUITests */ = {
			isa = PBXGroup;
			children = (
				9AE138141D6F437100EBEDFE /* GuideBookChallengeUITests.m */,
				9AE138161D6F437100EBEDFE /* Info.plist */,
			);
			path = GuideBookChallengeUITests;
			sourceTree = "<group>";
		};
		9AE138321D6F84F200EBEDFE /* Models */ = {
			isa = PBXGroup;
			children = (
				9AE1382F1D6F84EB00EBEDFE /* Guide.h */,
				9AE138301D6F84EB00EBEDFE /* Guide.m */,
			);
			name = Models;
			sourceTree = "<group>";
		};
		9AE138331D6F84FB00EBEDFE /* ViewControllers */ = {
			isa = PBXGroup;
			children = (
				9AE1382A1D6F55D500EBEDFE /* GuideBookViewController.h */,
				9AE1382B1D6F55D500EBEDFE /* GuideBookViewController.m */,
				9AE1382C1D6F55D500EBEDFE /* GuideBookViewController.xib */,
			);
			name = ViewControllers;
			sourceTree = "<group>";
		};
/* End PBXGroup section */

/* Begin PBXNativeTarget section */
		9AE137EB1D6F437000EBEDFE /* GuideBookChallenge */ = {
			isa = PBXNativeTarget;
			buildConfigurationList = 9AE138191D6F437100EBEDFE /* Build configuration list for PBXNativeTarget "GuideBookChallenge" */;
			buildPhases = (
				9AE137E81D6F437000EBEDFE /* Sources */,
				9AE137E91D6F437000EBEDFE /* Frameworks */,
				9AE137EA1D6F437000EBEDFE /* Resources */,
			);
			buildRules = (
			);
			dependencies = (
			);
			name = GuideBookChallenge;
			productName = GuideBookChallenge;
			productReference = 9AE137EC1D6F437000EBEDFE /* GuideBookChallenge.app */;
			productType = "com.apple.product-type.application";
		};
		9AE138041D6F437100EBEDFE /* GuideBookChallengeTests */ = {
			isa = PBXNativeTarget;
			buildConfigurationList = 9AE1381C1D6F437100EBEDFE /* Build configuration list for PBXNativeTarget "GuideBookChallengeTests" */;
			buildPhases = (
				9AE138011D6F437100EBEDFE /* Sources */,
				9AE138021D6F437100EBEDFE /* Frameworks */,
				9AE138031D6F437100EBEDFE /* Resources */,
			);
			buildRules = (
			);
			dependencies = (
				9AE138071D6F437100EBEDFE /* PBXTargetDependency */,
			);
			name = GuideBookChallengeTests;
			productName = GuideBookChallengeTests;
			productReference = 9AE138051D6F437100EBEDFE /* GuideBookChallengeTests.xctest */;
			productType = "com.apple.product-type.bundle.unit-test";
		};
		9AE1380F1D6F437100EBEDFE /* GuideBookChallengeUITests */ = {
			isa = PBXNativeTarget;
			buildConfigurationList = 9AE1381F1D6F437100EBEDFE /* Build configuration list for PBXNativeTarget "GuideBookChallengeUITests" */;
			buildPhases = (
				9AE1380C1D6F437100EBEDFE /* Sources */,
				9AE1380D1D6F437100EBEDFE /* Frameworks */,
				9AE1380E1D6F437100EBEDFE /* Resources */,
			);
			buildRules = (
			);
			dependencies = (
				9AE138121D6F437100EBEDFE /* PBXTargetDependency */,
			);
			name = GuideBookChallengeUITests;
			productName = GuideBookChallengeUITests;
			productReference = 9AE138101D6F437100EBEDFE /* GuideBookChallengeUITests.xctest */;
			productType = "com.apple.product-type.bundle.ui-testing";
		};
/* End PBXNativeTarget section */

/* Begin PBXProject section */
		9AE137E41D6F437000EBEDFE /* Project object */ = {
			isa = PBXProject;
			attributes = {
				LastUpgradeCheck = 0730;
				ORGANIZATIONNAME = Ethan;
				TargetAttributes = {
					9AE137EB1D6F437000EBEDFE = {
						CreatedOnToolsVersion = 7.3;
					};
					9AE138041D6F437100EBEDFE = {
						CreatedOnToolsVersion = 7.3;
						TestTargetID = 9AE137EB1D6F437000EBEDFE;
					};
					9AE1380F1D6F437100EBEDFE = {
						CreatedOnToolsVersion = 7.3;
						TestTargetID = 9AE137EB1D6F437000EBEDFE;
					};
				};
			};
			buildConfigurationList = 9AE137E71D6F437000EBEDFE /* Build configuration list for PBXProject "GuideBookChallenge" */;
			compatibilityVersion = "Xcode 3.2";
			developmentRegion = English;
			hasScannedForEncodings = 0;
			knownRegions = (
				en,
				Base,
			);
			mainGroup = 9AE137E31D6F437000EBEDFE;
			productRefGroup = 9AE137ED1D6F437000EBEDFE /* Products */;
			projectDirPath = "";
			projectRoot = "";
			targets = (
				9AE137EB1D6F437000EBEDFE /* GuideBookChallenge */,
				9AE138041D6F437100EBEDFE /* GuideBookChallengeTests */,
				9AE1380F1D6F437100EBEDFE /* GuideBookChallengeUITests */,
			);
		};
/* End PBXProject section */

/* Begin PBXResourcesBuildPhase section */
		9AE137EA1D6F437000EBEDFE /* Resources */ = {
			isa = PBXResourcesBuildPhase;
			buildActionMask = 2147483647;
			files = (
				9AE1382E1D6F55D500EBEDFE /* GuideBookViewController.xib in Resources */,
				9AE137FF1D6F437100EBEDFE /* LaunchScreen.storyboard in Resources */,
				9AE137FC1D6F437100EBEDFE /* Assets.xcassets in Resources */,
			);
			runOnlyForDeploymentPostprocessing = 0;
		};
		9AE138031D6F437100EBEDFE /* Resources */ = {
			isa = PBXResourcesBuildPhase;
			buildActionMask = 2147483647;
			files = (
			);
			runOnlyForDeploymentPostprocessing = 0;
		};
		9AE1380E1D6F437100EBEDFE /* Resources */ = {
			isa = PBXResourcesBuildPhase;
			buildActionMask = 2147483647;
			files = (
			);
			runOnlyForDeploymentPostprocessing = 0;
		};
/* End PBXResourcesBuildPhase section */

/* Begin PBXSourcesBuildPhase section */
		9AE137E81D6F437000EBEDFE /* Sources */ = {
			isa = PBXSourcesBuildPhase;
			buildActionMask = 2147483647;
			files = (
				9AE138311D6F84EB00EBEDFE /* Guide.m in Sources */,
				9AE137F41D6F437100EBEDFE /* AppDelegate.m in Sources */,
				9AE1382D1D6F55D500EBEDFE /* GuideBookViewController.m in Sources */,
				9AE137F11D6F437000EBEDFE /* main.m in Sources */,
			);
			runOnlyForDeploymentPostprocessing = 0;
		};
		9AE138011D6F437100EBEDFE /* Sources */ = {
			isa = PBXSourcesBuildPhase;
			buildActionMask = 2147483647;
			files = (
				9AE1380A1D6F437100EBEDFE /* GuideBookChallengeTests.m in Sources */,
			);
			runOnlyForDeploymentPostprocessing = 0;
		};
		9AE1380C1D6F437100EBEDFE /* Sources */ = {
			isa = PBXSourcesBuildPhase;
			buildActionMask = 2147483647;
			files = (
				9AE138151D6F437100EBEDFE /* GuideBookChallengeUITests.m in Sources */,
			);
			runOnlyForDeploymentPostprocessing = 0;
		};
/* End PBXSourcesBuildPhase section */

/* Begin PBXTargetDependency section */
		9AE138071D6F437100EBEDFE /* PBXTargetDependency */ = {
			isa = PBXTargetDependency;
			target = 9AE137EB1D6F437000EBEDFE /* GuideBookChallenge */;
			targetProxy = 9AE138061D6F437100EBEDFE /* PBXContainerItemProxy */;
		};
		9AE138121D6F437100EBEDFE /* PBXTargetDependency */ = {
			isa = PBXTargetDependency;
			target = 9AE137EB1D6F437000EBEDFE /* GuideBookChallenge */;
			targetProxy = 9AE138111D6F437100EBEDFE /* PBXContainerItemProxy */;
		};
/* End PBXTargetDependency section */

/* Begin PBXVariantGroup section */
		9AE137FD1D6F437100EBEDFE /* LaunchScreen.storyboard */ = {
			isa = PBXVariantGroup;
			children = (
				9AE137FE1D6F437100EBEDFE /* Base */,
			);
			name = LaunchScreen.storyboard;
			sourceTree = "<group>";
		};
/* End PBXVariantGroup section */

/* Begin XCBuildConfiguration section */
		9AE138171D6F437100EBEDFE /* Debug */ = {
			isa = XCBuildConfiguration;
			buildSettings = {
				ALWAYS_SEARCH_USER_PATHS = NO;
				CLANG_ANALYZER_NONNULL = YES;
				CLANG_CXX_LANGUAGE_STANDARD = "gnu++0x";
				CLANG_CXX_LIBRARY = "libc++";
				CLANG_ENABLE_MODULES = YES;
				CLANG_ENABLE_OBJC_ARC = YES;
				CLANG_WARN_BOOL_CONVERSION = YES;
				CLANG_WARN_CONSTANT_CONVERSION = YES;
				CLANG_WARN_DIRECT_OBJC_ISA_USAGE = YES_ERROR;
				CLANG_WARN_EMPTY_BODY = YES;
				CLANG_WARN_ENUM_CONVERSION = YES;
				CLANG_WARN_INT_CONVERSION = YES;
				CLANG_WARN_OBJC_ROOT_CLASS = YES_ERROR;
				CLANG_WARN_UNREACHABLE_CODE = YES;
				CLANG_WARN__DUPLICATE_METHOD_MATCH = YES;
				"CODE_SIGN_IDENTITY[sdk=iphoneos*]" = "iPhone Developer";
				COPY_PHASE_STRIP = NO;
				DEBUG_INFORMATION_FORMAT = dwarf;
				ENABLE_STRICT_OBJC_MSGSEND = YES;
				ENABLE_TESTABILITY = YES;
				GCC_C_LANGUAGE_STANDARD = gnu99;
				GCC_DYNAMIC_NO_PIC = NO;
				GCC_NO_COMMON_BLOCKS = YES;
				GCC_OPTIMIZATION_LEVEL = 0;
				GCC_PREPROCESSOR_DEFINITIONS = (
					"DEBUG=1",
					"$(inherited)",
				);
				GCC_WARN_64_TO_32_BIT_CONVERSION = YES;
				GCC_WARN_ABOUT_RETURN_TYPE = YES_ERROR;
				GCC_WARN_UNDECLARED_SELECTOR = YES;
				GCC_WARN_UNINITIALIZED_AUTOS = YES_AGGRESSIVE;
				GCC_WARN_UNUSED_FUNCTION = YES;
				GCC_WARN_UNUSED_VARIABLE = YES;
				IPHONEOS_DEPLOYMENT_TARGET = 9.3;
				MTL_ENABLE_DEBUG_INFO = YES;
				ONLY_ACTIVE_ARCH = YES;
				SDKROOT = iphoneos;
				TARGETED_DEVICE_FAMILY = "1,2";
			};
			name = Debug;
		};
		9AE138181D6F437100EBEDFE /* Release */ = {
			isa = XCBuildConfiguration;
			buildSettings = {
				ALWAYS_SEARCH_USER_PATHS = NO;
				CLANG_ANALYZER_NONNULL = YES;
				CLANG_CXX_LANGUAGE_STANDARD = "gnu++0x";
				CLANG_CXX_LIBRARY = "libc++";
				CLANG_ENABLE_MODULES = YES;
				CLANG_ENABLE_OBJC_ARC = YES;
				CLANG_WARN_BOOL_CONVERSION = YES;
				CLANG_WARN_CONSTANT_CONVERSION = YES;
				CLANG_WARN_DIRECT_OBJC_ISA_USAGE = YES_ERROR;
				CLANG_WARN_EMPTY_BODY = YES;
				CLANG_WARN_ENUM_CONVERSION = YES;
				CLANG_WARN_INT_CONVERSION = YES;
				CLANG_WARN_OBJC_ROOT_CLASS = YES_ERROR;
				CLANG_WARN_UNREACHABLE_CODE = YES;
				CLANG_WARN__DUPLICATE_METHOD_MATCH = YES;
				"CODE_SIGN_IDENTITY[sdk=iphoneos*]" = "iPhone Developer";
				COPY_PHASE_STRIP = NO;
				DEBUG_INFORMATION_FORMAT = "dwarf-with-dsym";
				ENABLE_NS_ASSERTIONS = NO;
				ENABLE_STRICT_OBJC_MSGSEND = YES;
				GCC_C_LANGUAGE_STANDARD = gnu99;
				GCC_NO_COMMON_BLOCKS = YES;
				GCC_WARN_64_TO_32_BIT_CONVERSION = YES;
				GCC_WARN_ABOUT_RETURN_TYPE = YES_ERROR;
				GCC_WARN_UNDECLARED_SELECTOR = YES;
				GCC_WARN_UNINITIALIZED_AUTOS = YES_AGGRESSIVE;
				GCC_WARN_UNUSED_FUNCTION = YES;
				GCC_WARN_UNUSED_VARIABLE = YES;
				IPHONEOS_DEPLOYMENT_TARGET = 9.3;
				MTL_ENABLE_DEBUG_INFO = NO;
				SDKROOT = iphoneos;
				TARGETED_DEVICE_FAMILY = "1,2";
				VALIDATE_PRODUCT = YES;
			};
			name = Release;
		};
		9AE1381A1D6F437100EBEDFE /* Debug */ = {
			isa = XCBuildConfiguration;
			buildSettings = {
				ASSETCATALOG_COMPILER_APPICON_NAME = AppIcon;
				INFOPLIST_FILE = GuideBookChallenge/Info.plist;
				LD_RUNPATH_SEARCH_PATHS = "$(inherited) @executable_path/Frameworks";
				PRODUCT_BUNDLE_IDENTIFIER = me.ethanschatzline.GuideBookChallenge;
				PRODUCT_NAME = "$(TARGET_NAME)";
			};
			name = Debug;
		};
		9AE1381B1D6F437100EBEDFE /* Release */ = {
			isa = XCBuildConfiguration;
			buildSettings = {
				ASSETCATALOG_COMPILER_APPICON_NAME = AppIcon;
				INFOPLIST_FILE = GuideBookChallenge/Info.plist;
				LD_RUNPATH_SEARCH_PATHS = "$(inherited) @executable_path/Frameworks";
				PRODUCT_BUNDLE_IDENTIFIER = me.ethanschatzline.GuideBookChallenge;
				PRODUCT_NAME = "$(TARGET_NAME)";
			};
			name = Release;
		};
		9AE1381D1D6F437100EBEDFE /* Debug */ = {
			isa = XCBuildConfiguration;
			buildSettings = {
				BUNDLE_LOADER = "$(TEST_HOST)";
				INFOPLIST_FILE = GuideBookChallengeTests/Info.plist;
				LD_RUNPATH_SEARCH_PATHS = "$(inherited) @executable_path/Frameworks @loader_path/Frameworks";
				PRODUCT_BUNDLE_IDENTIFIER = me.ethanschatzline.GuideBookChallengeTests;
				PRODUCT_NAME = "$(TARGET_NAME)";
				TEST_HOST = "$(BUILT_PRODUCTS_DIR)/GuideBookChallenge.app/GuideBookChallenge";
			};
			name = Debug;
		};
		9AE1381E1D6F437100EBEDFE /* Release */ = {
			isa = XCBuildConfiguration;
			buildSettings = {
				BUNDLE_LOADER = "$(TEST_HOST)";
				INFOPLIST_FILE = GuideBookChallengeTests/Info.plist;
				LD_RUNPATH_SEARCH_PATHS = "$(inherited) @executable_path/Frameworks @loader_path/Frameworks";
				PRODUCT_BUNDLE_IDENTIFIER = me.ethanschatzline.GuideBookChallengeTests;
				PRODUCT_NAME = "$(TARGET_NAME)";
				TEST_HOST = "$(BUILT_PRODUCTS_DIR)/GuideBookChallenge.app/GuideBookChallenge";
			};
			name = Release;
		};
		9AE138201D6F437100EBEDFE /* Debug */ = {
			isa = XCBuildConfiguration;
			buildSettings = {
				INFOPLIST_FILE = GuideBookChallengeUITests/Info.plist;
				LD_RUNPATH_SEARCH_PATHS = "$(inherited) @executable_path/Frameworks @loader_path/Frameworks";
				PRODUCT_BUNDLE_IDENTIFIER = me.ethanschatzline.GuideBookChallengeUITests;
				PRODUCT_NAME = "$(TARGET_NAME)";
				TEST_TARGET_NAME = GuideBookChallenge;
			};
			name = Debug;
		};
		9AE138211D6F437100EBEDFE /* Release */ = {
			isa = XCBuildConfiguration;
			buildSettings = {
				INFOPLIST_FILE = GuideBookChallengeUITests/Info.plist;
				LD_RUNPATH_SEARCH_PATHS = "$(inherited) @executable_path/Frameworks @loader_path/Frameworks";
				PRODUCT_BUNDLE_IDENTIFIER = me.ethanschatzline.GuideBookChallengeUITests;
				PRODUCT_NAME = "$(TARGET_NAME)";
				TEST_TARGET_NAME = GuideBookChallenge;
			};
			name = Release;
		};
/* End XCBuildConfiguration section */

/* Begin XCConfigurationList section */
		9AE137E71D6F437000EBEDFE /* Build configuration list for PBXProject "GuideBookChallenge" */ = {
			isa = XCConfigurationList;
			buildConfigurations = (
				9AE138171D6F437100EBEDFE /* Debug */,
				9AE138181D6F437100EBEDFE /* Release */,
			);
			defaultConfigurationIsVisible = 0;
			defaultConfigurationName = Release;
		};
		9AE138191D6F437100EBEDFE /* Build configuration list for PBXNativeTarget "GuideBookChallenge" */ = {
			isa = XCConfigurationList;
			buildConfigurations = (
				9AE1381A1D6F437100EBEDFE /* Debug */,
				9AE1381B1D6F437100EBEDFE /* Release */,
			);
			defaultConfigurationIsVisible = 0;
		};
		9AE1381C1D6F437100EBEDFE /* Build configuration list for PBXNativeTarget "GuideBookChallengeTests" */ = {
			isa = XCConfigurationList;
			buildConfigurations = (
				9AE1381D1D6F437100EBEDFE /* Debug */,
				9AE1381E1D6F437100EBEDFE /* Release */,
			);
			defaultConfigurationIsVisible = 0;
		};
		9AE1381F1D6F437100EBEDFE /* Build configuration list for PBXNativeTarget "GuideBookChallengeUITests" */ = {
			isa = XCConfigurationList;
			buildConfigurations = (
				9AE138201D6F437100EBEDFE /* Debug */,
				9AE138211D6F437100EBEDFE /* Release */,
			);
			defaultConfigurationIsVisible = 0;
		};
/* End XCConfigurationList section */
	};
	rootObject = 9AE137E41D6F437000EBEDFE /* Project object */;
}
